// !$*UTF8*$!
{
	archiveVersion = 1;
	classes = {
	};
	objectVersion = 50;
	objects = {

/* Begin PBXBuildFile section */
		CE7EE10A234B2F85005CFB54 /* nio_server.c in Sources */ = {isa = PBXBuildFile; fileRef = CE7EE105234B2F85005CFB54 /* nio_server.c */; };
		CE7EE10B234B2F85005CFB54 /* nio_config.c in Sources */ = {isa = PBXBuildFile; fileRef = CE7EE106234B2F85005CFB54 /* nio_config.c */; };
		CE7EE10C234B2F85005CFB54 /* memcached.c in Sources */ = {isa = PBXBuildFile; fileRef = CE7EE107234B2F85005CFB54 /* memcached.c */; };
		CE7EE10D234B2F85005CFB54 /* nio_command.c in Sources */ = {isa = PBXBuildFile; fileRef = CE7EE109234B2F85005CFB54 /* nio_command.c */; };
		CEC6B671234B21D0001730FF /* main.c in Sources */ = {isa = PBXBuildFile; fileRef = CEC6B670234B21D0001730FF /* main.c */; };
		CEF4F146234C581D00DCBAF4 /* libnesta-0.9.5.0.dylib in Frameworks */ = {isa = PBXBuildFile; fileRef = CEF4F145234C581D00DCBAF4 /* libnesta-0.9.5.0.dylib */; };
/* End PBXBuildFile section */

/* Begin PBXCopyFilesBuildPhase section */
		CEC6B66B234B21D0001730FF /* CopyFiles */ = {
			isa = PBXCopyFilesBuildPhase;
			buildActionMask = 2147483647;
			dstPath = /usr/share/man/man1/;
			dstSubfolderSpec = 0;
			files = (
			);
			runOnlyForDeploymentPostprocessing = 1;
		};
/* End PBXCopyFilesBuildPhase section */

/* Begin PBXFileReference section */
		CE59C0EC234F23A700433420 /* doc */ = {isa = PBXFileReference; lastKnownFileType = folder; path = doc; sourceTree = "<group>"; };
		CE7EE105234B2F85005CFB54 /* nio_server.c */ = {isa = PBXFileReference; fileEncoding = 4; lastKnownFileType = sourcecode.c.c; path = nio_server.c; sourceTree = "<group>"; };
		CE7EE106234B2F85005CFB54 /* nio_config.c */ = {isa = PBXFileReference; fileEncoding = 4; lastKnownFileType = sourcecode.c.c; path = nio_config.c; sourceTree = "<group>"; };
		CE7EE107234B2F85005CFB54 /* memcached.c */ = {isa = PBXFileReference; fileEncoding = 4; lastKnownFileType = sourcecode.c.c; path = memcached.c; sourceTree = "<group>"; };
		CE7EE108234B2F85005CFB54 /* nio_server.h */ = {isa = PBXFileReference; fileEncoding = 4; lastKnownFileType = sourcecode.c.h; path = nio_server.h; sourceTree = "<group>"; };
		CE7EE109234B2F85005CFB54 /* nio_command.c */ = {isa = PBXFileReference; fileEncoding = 4; lastKnownFileType = sourcecode.c.c; path = nio_command.c; sourceTree = "<group>"; };
		CE7EE110234B2FD9005CFB54 /* Makefile.am */ = {isa = PBXFileReference; fileEncoding = 4; lastKnownFileType = text; path = Makefile.am; sourceTree = "<group>"; };
		CE7EE111234B2FD9005CFB54 /* missing */ = {isa = PBXFileReference; fileEncoding = 4; lastKnownFileType = text.script.sh; path = missing; sourceTree = "<group>"; };
		CE7EE112234B2FD9005CFB54 /* COPYING */ = {isa = PBXFileReference; fileEncoding = 4; lastKnownFileType = text; path = COPYING; sourceTree = "<group>"; };
		CE7EE113234B2FD9005CFB54 /* NEWS */ = {isa = PBXFileReference; fileEncoding = 4; lastKnownFileType = text; path = NEWS; sourceTree = "<group>"; };
		CE7EE114234B2FD9005CFB54 /* Makefile.in */ = {isa = PBXFileReference; fileEncoding = 4; lastKnownFileType = text; path = Makefile.in; sourceTree = "<group>"; };
		CE7EE115234B2FD9005CFB54 /* configure */ = {isa = PBXFileReference; fileEncoding = 4; lastKnownFileType = text.script.sh; path = configure; sourceTree = "<group>"; };
		CE7EE116234B2FD9005CFB54 /* configure.ac */ = {isa = PBXFileReference; fileEncoding = 4; lastKnownFileType = text; path = configure.ac; sourceTree = "<group>"; };
		CE7EE117234B2FD9005CFB54 /* config.h.in */ = {isa = PBXFileReference; fileEncoding = 4; lastKnownFileType = text; path = config.h.in; sourceTree = "<group>"; };
		CE7EE118234B2FD9005CFB54 /* README */ = {isa = PBXFileReference; fileEncoding = 4; lastKnownFileType = text; path = README; sourceTree = "<group>"; };
		CE7EE119234B2FD9005CFB54 /* install-sh */ = {isa = PBXFileReference; fileEncoding = 4; lastKnownFileType = text.script.sh; path = "install-sh"; sourceTree = "<group>"; };
		CE7EE11A234B2FD9005CFB54 /* ChangeLog */ = {isa = PBXFileReference; fileEncoding = 4; lastKnownFileType = text; path = ChangeLog; sourceTree = "<group>"; };
		CE7EE11B234B2FD9005CFB54 /* aclocal.m4 */ = {isa = PBXFileReference; fileEncoding = 4; lastKnownFileType = text; path = aclocal.m4; sourceTree = "<group>"; };
		CE7EE11C234B2FDA005CFB54 /* AUTHORS */ = {isa = PBXFileReference; fileEncoding = 4; lastKnownFileType = text; path = AUTHORS; sourceTree = "<group>"; };
		CE7EE11D234B2FDA005CFB54 /* depcomp */ = {isa = PBXFileReference; fileEncoding = 4; lastKnownFileType = text.script.sh; path = depcomp; sourceTree = "<group>"; };
		CE7EE11E234B2FDA005CFB54 /* INSTALL */ = {isa = PBXFileReference; fileEncoding = 4; lastKnownFileType = text; path = INSTALL; sourceTree = "<group>"; };
		CE7EE11F234B2FDA005CFB54 /* compile */ = {isa = PBXFileReference; fileEncoding = 4; lastKnownFileType = text.script.sh; path = compile; sourceTree = "<group>"; };
		CE7EE120234B2FDA005CFB54 /* config.status */ = {isa = PBXFileReference; fileEncoding = 4; lastKnownFileType = text.script.sh; path = config.status; sourceTree = "<group>"; };
		CE7EE122234B2FFF005CFB54 /* conf */ = {isa = PBXFileReference; lastKnownFileType = folder; path = conf; sourceTree = "<group>"; };
		CE7EE123234B2FFF005CFB54 /* data */ = {isa = PBXFileReference; lastKnownFileType = folder; path = data; sourceTree = "<group>"; };
		CE7EE124234B2FFF005CFB54 /* logs */ = {isa = PBXFileReference; lastKnownFileType = folder; path = logs; sourceTree = "<group>"; };
		CEC6B66D234B21D0001730FF /* nestaio */ = {isa = PBXFileReference; explicitFileType = "compiled.mach-o.executable"; includeInIndex = 0; path = nestaio; sourceTree = BUILT_PRODUCTS_DIR; };
		CEC6B670234B21D0001730FF /* main.c */ = {isa = PBXFileReference; lastKnownFileType = sourcecode.c.c; path = main.c; sourceTree = "<group>"; };
		CEF4F145234C581D00DCBAF4 /* libnesta-0.9.5.0.dylib */ = {isa = PBXFileReference; lastKnownFileType = "compiled.mach-o.dylib"; name = "libnesta-0.9.5.0.dylib"; path = "../../../../usr/local/lib/libnesta-0.9.5.0.dylib"; sourceTree = "<group>"; };
/* End PBXFileReference section */

/* Begin PBXFrameworksBuildPhase section */
		CEC6B66A234B21D0001730FF /* Frameworks */ = {
			isa = PBXFrameworksBuildPhase;
			buildActionMask = 2147483647;
			files = (
				CEF4F146234C581D00DCBAF4 /* libnesta-0.9.5.0.dylib in Frameworks */,
			);
			runOnlyForDeploymentPostprocessing = 0;
		};
/* End PBXFrameworksBuildPhase section */

/* Begin PBXGroup section */
		CE7EE10F234B2FB5005CFB54 /* autotools */ = {
			isa = PBXGroup;
			children = (
				CE7EE11B234B2FD9005CFB54 /* aclocal.m4 */,
				CE7EE11C234B2FDA005CFB54 /* AUTHORS */,
				CE7EE11A234B2FD9005CFB54 /* ChangeLog */,
				CE7EE11F234B2FDA005CFB54 /* compile */,
				CE7EE117234B2FD9005CFB54 /* config.h.in */,
				CE7EE120234B2FDA005CFB54 /* config.status */,
				CE7EE115234B2FD9005CFB54 /* configure */,
				CE7EE116234B2FD9005CFB54 /* configure.ac */,
				CE7EE112234B2FD9005CFB54 /* COPYING */,
				CE7EE11D234B2FDA005CFB54 /* depcomp */,
				CE7EE11E234B2FDA005CFB54 /* INSTALL */,
				CE7EE119234B2FD9005CFB54 /* install-sh */,
				CE7EE110234B2FD9005CFB54 /* Makefile.am */,
				CE7EE114234B2FD9005CFB54 /* Makefile.in */,
				CE7EE111234B2FD9005CFB54 /* missing */,
				CE7EE113234B2FD9005CFB54 /* NEWS */,
				CE7EE118234B2FD9005CFB54 /* README */,
			);
			name = autotools;
			sourceTree = "<group>";
		};
		CEC6B664234B21D0001730FF = {
			isa = PBXGroup;
			children = (
				CE59C0EC234F23A700433420 /* doc */,
				CE7EE122234B2FFF005CFB54 /* conf */,
				CE7EE123234B2FFF005CFB54 /* data */,
				CE7EE124234B2FFF005CFB54 /* logs */,
				CE7EE10F234B2FB5005CFB54 /* autotools */,
				CEC6B66F234B21D0001730FF /* src */,
				CEC6B66E234B21D0001730FF /* Products */,
				CEF4F144234C581C00DCBAF4 /* Frameworks */,
			);
			sourceTree = "<group>";
		};
		CEC6B66E234B21D0001730FF /* Products */ = {
			isa = PBXGroup;
			children = (
				CEC6B66D234B21D0001730FF /* nestaio */,
			);
			name = Products;
			sourceTree = "<group>";
		};
		CEC6B66F234B21D0001730FF /* src */ = {
			isa = PBXGroup;
			children = (
				CE7EE107234B2F85005CFB54 /* memcached.c */,
				CE7EE109234B2F85005CFB54 /* nio_command.c */,
				CE7EE106234B2F85005CFB54 /* nio_config.c */,
				CE7EE105234B2F85005CFB54 /* nio_server.c */,
				CE7EE108234B2F85005CFB54 /* nio_server.h */,
				CEC6B670234B21D0001730FF /* main.c */,
			);
			path = src;
			sourceTree = "<group>";
		};
		CEF4F144234C581C00DCBAF4 /* Frameworks */ = {
			isa = PBXGroup;
			children = (
				CEF4F145234C581D00DCBAF4 /* libnesta-0.9.5.0.dylib */,
			);
			name = Frameworks;
			sourceTree = "<group>";
		};
/* End PBXGroup section */

/* Begin PBXNativeTarget section */
		CEC6B66C234B21D0001730FF /* nestaio */ = {
			isa = PBXNativeTarget;
			buildConfigurationList = CEC6B674234B21D0001730FF /* Build configuration list for PBXNativeTarget "nestaio" */;
			buildPhases = (
				CEC6B669234B21D0001730FF /* Sources */,
				CEC6B66A234B21D0001730FF /* Frameworks */,
				CEC6B66B234B21D0001730FF /* CopyFiles */,
			);
			buildRules = (
			);
			dependencies = (
			);
			name = nestaio;
			productName = nestsio;
			productReference = CEC6B66D234B21D0001730FF /* nestaio */;
			productType = "com.apple.product-type.tool";
		};
/* End PBXNativeTarget section */

/* Begin PBXProject section */
		CEC6B665234B21D0001730FF /* Project object */ = {
			isa = PBXProject;
			attributes = {
				LastUpgradeCheck = 0930;
				ORGANIZATIONNAME = "YAMAMOTO Naoki";
				TargetAttributes = {
					CEC6B66C234B21D0001730FF = {
						CreatedOnToolsVersion = 9.3.1;
					};
				};
			};
			buildConfigurationList = CEC6B668234B21D0001730FF /* Build configuration list for PBXProject "nestaio" */;
			compatibilityVersion = "Xcode 9.3";
			developmentRegion = en;
			hasScannedForEncodings = 0;
			knownRegions = (
				en,
			);
			mainGroup = CEC6B664234B21D0001730FF;
			productRefGroup = CEC6B66E234B21D0001730FF /* Products */;
			projectDirPath = "";
			projectRoot = "";
			targets = (
				CEC6B66C234B21D0001730FF /* nestaio */,
			);
		};
/* End PBXProject section */

/* Begin PBXSourcesBuildPhase section */
		CEC6B669234B21D0001730FF /* Sources */ = {
			isa = PBXSourcesBuildPhase;
			buildActionMask = 2147483647;
			files = (
				CEC6B671234B21D0001730FF /* main.c in Sources */,
				CE7EE10B234B2F85005CFB54 /* nio_config.c in Sources */,
				CE7EE10A234B2F85005CFB54 /* nio_server.c in Sources */,
				CE7EE10C234B2F85005CFB54 /* memcached.c in Sources */,
				CE7EE10D234B2F85005CFB54 /* nio_command.c in Sources */,
			);
			runOnlyForDeploymentPostprocessing = 0;
		};
/* End PBXSourcesBuildPhase section */

/* Begin XCBuildConfiguration section */
		CEC6B672234B21D0001730FF /* Debug */ = {
			isa = XCBuildConfiguration;
			buildSettings = {
				ALWAYS_SEARCH_USER_PATHS = NO;
				CLANG_ANALYZER_NONNULL = YES;
				CLANG_ANALYZER_NUMBER_OBJECT_CONVERSION = YES_AGGRESSIVE;
				CLANG_CXX_LANGUAGE_STANDARD = "gnu++14";
				CLANG_CXX_LIBRARY = "libc++";
				CLANG_ENABLE_MODULES = YES;
				CLANG_ENABLE_OBJC_ARC = YES;
				CLANG_ENABLE_OBJC_WEAK = YES;
				CLANG_WARN_BLOCK_CAPTURE_AUTORELEASING = YES;
				CLANG_WARN_BOOL_CONVERSION = YES;
				CLANG_WARN_COMMA = YES;
				CLANG_WARN_CONSTANT_CONVERSION = YES;
				CLANG_WARN_DEPRECATED_OBJC_IMPLEMENTATIONS = YES;
				CLANG_WARN_DIRECT_OBJC_ISA_USAGE = YES_ERROR;
				CLANG_WARN_DOCUMENTATION_COMMENTS = YES;
				CLANG_WARN_EMPTY_BODY = YES;
				CLANG_WARN_ENUM_CONVERSION = YES;
				CLANG_WARN_INFINITE_RECURSION = YES;
				CLANG_WARN_INT_CONVERSION = YES;
				CLANG_WARN_NON_LITERAL_NULL_CONVERSION = YES;
				CLANG_WARN_OBJC_IMPLICIT_RETAIN_SELF = YES;
				CLANG_WARN_OBJC_LITERAL_CONVERSION = YES;
				CLANG_WARN_OBJC_ROOT_CLASS = YES_ERROR;
				CLANG_WARN_RANGE_LOOP_ANALYSIS = YES;
				CLANG_WARN_STRICT_PROTOTYPES = YES;
				CLANG_WARN_SUSPICIOUS_MOVE = YES;
				CLANG_WARN_UNGUARDED_AVAILABILITY = YES_AGGRESSIVE;
				CLANG_WARN_UNREACHABLE_CODE = YES;
				CLANG_WARN__DUPLICATE_METHOD_MATCH = YES;
				CODE_SIGN_IDENTITY = "-";
				COPY_PHASE_STRIP = NO;
				DEBUG_INFORMATION_FORMAT = dwarf;
				ENABLE_STRICT_OBJC_MSGSEND = YES;
				ENABLE_TESTABILITY = YES;
				GCC_C_LANGUAGE_STANDARD = gnu11;
				GCC_DYNAMIC_NO_PIC = NO;
				GCC_NO_COMMON_BLOCKS = YES;
				GCC_OPTIMIZATION_LEVEL = 0;
				GCC_PREPROCESSOR_DEFINITIONS = (
					"DEBUG=1",
					"$(inherited)",
				);
				GCC_WARN_64_TO_32_BIT_CONVERSION = YES;
				GCC_WARN_ABOUT_RETURN_TYPE = YES_ERROR;
				GCC_WARN_UNDECLARED_SELECTOR = YES;
				GCC_WARN_UNINITIALIZED_AUTOS = YES_AGGRESSIVE;
				GCC_WARN_UNUSED_FUNCTION = YES;
				GCC_WARN_UNUSED_VARIABLE = YES;
				MACOSX_DEPLOYMENT_TARGET = 10.14;
				MTL_ENABLE_DEBUG_INFO = YES;
				ONLY_ACTIVE_ARCH = YES;
				SDKROOT = macosx;
			};
			name = Debug;
		};
		CEC6B673234B21D0001730FF /* Release */ = {
			isa = XCBuildConfiguration;
			buildSettings = {
				ALWAYS_SEARCH_USER_PATHS = NO;
				CLANG_ANALYZER_NONNULL = YES;
				CLANG_ANALYZER_NUMBER_OBJECT_CONVERSION = YES_AGGRESSIVE;
				CLANG_CXX_LANGUAGE_STANDARD = "gnu++14";
				CLANG_CXX_LIBRARY = "libc++";
				CLANG_ENABLE_MODULES = YES;
				CLANG_ENABLE_OBJC_ARC = YES;
				CLANG_ENABLE_OBJC_WEAK = YES;
				CLANG_WARN_BLOCK_CAPTURE_AUTORELEASING = YES;
				CLANG_WARN_BOOL_CONVERSION = YES;
				CLANG_WARN_COMMA = YES;
				CLANG_WARN_CONSTANT_CONVERSION = YES;
				CLANG_WARN_DEPRECATED_OBJC_IMPLEMENTATIONS = YES;
				CLANG_WARN_DIRECT_OBJC_ISA_USAGE = YES_ERROR;
				CLANG_WARN_DOCUMENTATION_COMMENTS = YES;
				CLANG_WARN_EMPTY_BODY = YES;
				CLANG_WARN_ENUM_CONVERSION = YES;
				CLANG_WARN_INFINITE_RECURSION = YES;
				CLANG_WARN_INT_CONVERSION = YES;
				CLANG_WARN_NON_LITERAL_NULL_CONVERSION = YES;
				CLANG_WARN_OBJC_IMPLICIT_RETAIN_SELF = YES;
				CLANG_WARN_OBJC_LITERAL_CONVERSION = YES;
				CLANG_WARN_OBJC_ROOT_CLASS = YES_ERROR;
				CLANG_WARN_RANGE_LOOP_ANALYSIS = YES;
				CLANG_WARN_STRICT_PROTOTYPES = YES;
				CLANG_WARN_SUSPICIOUS_MOVE = YES;
				CLANG_WARN_UNGUARDED_AVAILABILITY = YES_AGGRESSIVE;
				CLANG_WARN_UNREACHABLE_CODE = YES;
				CLANG_WARN__DUPLICATE_METHOD_MATCH = YES;
				CODE_SIGN_IDENTITY = "-";
				COPY_PHASE_STRIP = NO;
				DEBUG_INFORMATION_FORMAT = "dwarf-with-dsym";
				ENABLE_NS_ASSERTIONS = NO;
				ENABLE_STRICT_OBJC_MSGSEND = YES;
				GCC_C_LANGUAGE_STANDARD = gnu11;
				GCC_NO_COMMON_BLOCKS = YES;
				GCC_WARN_64_TO_32_BIT_CONVERSION = YES;
				GCC_WARN_ABOUT_RETURN_TYPE = YES_ERROR;
				GCC_WARN_UNDECLARED_SELECTOR = YES;
				GCC_WARN_UNINITIALIZED_AUTOS = YES_AGGRESSIVE;
				GCC_WARN_UNUSED_FUNCTION = YES;
				GCC_WARN_UNUSED_VARIABLE = YES;
				MACOSX_DEPLOYMENT_TARGET = 10.14;
				MTL_ENABLE_DEBUG_INFO = NO;
				SDKROOT = macosx;
			};
			name = Release;
		};
		CEC6B675234B21D0001730FF /* Debug */ = {
			isa = XCBuildConfiguration;
			buildSettings = {
				CODE_SIGN_STYLE = Automatic;
				HEADER_SEARCH_PATHS = (
					/usr/local/include/nestalib,
					src,
				);
				LIBRARY_SEARCH_PATHS = /usr/local/lib;
				MACOSX_DEPLOYMENT_TARGET = 10.6;
				PRODUCT_NAME = "$(TARGET_NAME)";
			};
			name = Debug;
		};
		CEC6B676234B21D0001730FF /* Release */ = {
			isa = XCBuildConfiguration;
			buildSettings = {
				CODE_SIGN_STYLE = Automatic;
				HEADER_SEARCH_PATHS = (
					/usr/local/include/nestalib,
					src,
				);
				LIBRARY_SEARCH_PATHS = /usr/local/lib;
				MACOSX_DEPLOYMENT_TARGET = 10.6;
				PRODUCT_NAME = "$(TARGET_NAME)";
			};
			name = Release;
		};
/* End XCBuildConfiguration section */

/* Begin XCConfigurationList section */
		CEC6B668234B21D0001730FF /* Build configuration list for PBXProject "nestaio" */ = {
			isa = XCConfigurationList;
			buildConfigurations = (
				CEC6B672234B21D0001730FF /* Debug */,
				CEC6B673234B21D0001730FF /* Release */,
			);
			defaultConfigurationIsVisible = 0;
			defaultConfigurationName = Release;
		};
		CEC6B674234B21D0001730FF /* Build configuration list for PBXNativeTarget "nestaio" */ = {
			isa = XCConfigurationList;
			buildConfigurations = (
				CEC6B675234B21D0001730FF /* Debug */,
				CEC6B676234B21D0001730FF /* Release */,
			);
			defaultConfigurationIsVisible = 0;
			defaultConfigurationName = Release;
		};
/* End XCConfigurationList section */
	};
	rootObject = CEC6B665234B21D0001730FF /* Project object */;
}
